<?xml version="1.0" encoding="utf-8"?>
<Project ToolsVersion="4.0" xmlns="http://schemas.microsoft.com/developer/msbuild/2003">
  <ItemGroup>
    <Filter Include="Headers">
      <UniqueIdentifier>{93995380-89BD-4b04-88EB-625FBE52EBFB}</UniqueIdentifier>
      <Extensions>h;hh;hpp;hxx;hm;inl;inc;xsd</Extensions>
    </Filter>
    <Filter Include="Sources">
      <UniqueIdentifier>{4FC737F1-C7A5-4376-A066-2A32D752A2FF}</UniqueIdentifier>
      <Extensions>cpp;c;cc;cxx;def;odl;idl;hpj;bat;asm;asmx</Extensions>
    </Filter>
    <Filter Include="Headers\intern">
      <UniqueIdentifier>{adbb4672-e067-47ef-955e-cbf7aa9af917}</UniqueIdentifier>
    </Filter>
  </ItemGroup>
  <ItemGroup>
    <ClInclude Include="src\util.h">
      <Filter>Headers</Filter>
    </ClInclude>
    <ClInclude Include="src\intern\util_p.hpp">
      <Filter>Headers\intern</Filter>
    </ClInclude>
    <ClInclude Include="src\intern\find.hpp">
      <Filter>Headers\intern</Filter>
    </ClInclude>
    <ClInclude Include="src\intern\find_impl.hpp">
      <Filter>Headers\intern</Filter>
    </ClInclude>
    <ClInclude Include="src\intern\fftsg_h.h">
      <Filter>Headers\intern</Filter>
    </ClInclude>
    <ClInclude Include="src\rtfilter.h">
      <Filter>Headers</Filter>
    </ClInclude>
    <ClInclude Include="src\yin.h">
      <Filter>Headers</Filter>
    </ClInclude>
    <ClInclude Include="src\rtpyin.h">
      <Filter>Headers</Filter>
    </ClInclude>
    <ClInclude Include="src\pyin.h">
      <Filter>Headers</Filter>
    </ClInclude>
    <ClInclude Include="src\hmm.h">
      <Filter>Headers</Filter>
    </ClInclude>
    <ClInclude Include="src\intern\hmm_p.hpp">
      <Filter>Headers\intern</Filter>
    </ClInclude>
    <ClInclude Include="src\rthmm.h">
      <Filter>Headers</Filter>
    </ClInclude>
    <ClInclude Include="src\rtmonopitch.h">
      <Filter>Headers</Filter>
    </ClInclude>
  </ItemGroup>
  <ItemGroup>
    <ClCompile Include="src\intern\util_rvalloc.cpp">
      <Filter>Sources</Filter>
    </ClCompile>
    <ClCompile Include="src\intern\util_message.cpp">
      <Filter>Sources</Filter>
    </ClCompile>
    <ClCompile Include="src\intern\util_misc.cpp">
      <Filter>Sources</Filter>
    </ClCompile>
    <ClCompile Include="src\intern\util_window.cpp">
      <Filter>Sources</Filter>
    </ClCompile>
    <ClCompile Include="src\intern\util_fft_ooura.cpp">
      <Filter>Sources</Filter>
    </ClCompile>
    <ClCompile Include="src\intern\util_convolve.cpp">
      <Filter>Sources</Filter>
    </ClCompile>
    <ClCompile Include="src\intern\rtfilter.cpp">
      <Filter>Sources</Filter>
    </ClCompile>
    <ClCompile Include="src\intern\yin.cpp">
      <Filter>Sources</Filter>
    </ClCompile>
    <ClCompile Include="src\intern\rtpyin.cpp">
      <Filter>Sources</Filter>
    </ClCompile>
    <ClCompile Include="src\intern\pyin.cpp">
      <Filter>Sources</Filter>
    </ClCompile>
    <ClCompile Include="src\intern\hmm.cpp">
      <Filter>Sources</Filter>
    </ClCompile>
    <ClCompile Include="src\intern\rthmm.cpp">
      <Filter>Sources</Filter>
    </ClCompile>
    <ClCompile Include="src\intern\rtmonopitch.cpp">
      <Filter>Sources</Filter>
    </ClCompile>
  </ItemGroup>
</Project>